
Microsoft Visual Studio Solution File, Format Version 12.00
# Visual Studio Version 17
VisualStudioVersion = 17.0.31903.59
MinimumVisualStudioVersion = 10.0.40219.1
Project("{2150E333-8FDC-42A3-9474-1A3956D46DE8}") = "src", "src", "{827E0CD3-B72D-47B6-A68D-7590B98EB39B}"
EndProject
Project("{FAE04EC0-301F-11D3-BF4B-00C04F79EFBC}") = "Dad.Domain", "src\Dad.Domain\Dad.Domain.csproj", "{646C043E-76AC-40F1-9188-72D2ECCB182B}"
EndProject
Project("{FAE04EC0-301F-11D3-BF4B-00C04F79EFBC}") = "Dad.Application", "src\Dad.Application\Dad.Application.csproj", "{A61AA1B0-0666-4F56-96D8-434493C0C56A}"
EndProject
Project("{FAE04EC0-301F-11D3-BF4B-00C04F79EFBC}") = "Dad.Infrastructure", "src\Dad.Infrastructure\Dad.Infrastructure.csproj", "{0781F2CE-ED93-4E91-B2A6-528F1689A4E9}"
EndProject
Project("{FAE04EC0-301F-11D3-BF4B-00C04F79EFBC}") = "Dad.Presentation", "src\Dad.Presentation\Dad.Presentation.csproj", "{74D59958-8F42-43F8-A07A-18793A8ED707}"
EndProject
Global
	GlobalSection(SolutionConfigurationPlatforms) = preSolution
		Debug|Any CPU = Debug|Any CPU
		Debug|x64 = Debug|x64
		Debug|x86 = Debug|x86
		Release|Any CPU = Release|Any CPU
		Release|x64 = Release|x64
		Release|x86 = Release|x86
	EndGlobalSection
	GlobalSection(ProjectConfigurationPlatforms) = postSolution
		{646C043E-76AC-40F1-9188-72D2ECCB182B}.Debug|Any CPU.ActiveCfg = Debug|Any CPU
		{646C043E-76AC-40F1-9188-72D2ECCB182B}.Debug|Any CPU.Build.0 = Debug|Any CPU
		{646C043E-76AC-40F1-9188-72D2ECCB182B}.Debug|x64.ActiveCfg = Debug|Any CPU
		{646C043E-76AC-40F1-9188-72D2ECCB182B}.Debug|x64.Build.0 = Debug|Any CPU
		{646C043E-76AC-40F1-9188-72D2ECCB182B}.Debug|x86.ActiveCfg = Debug|Any CPU
		{646C043E-76AC-40F1-9188-72D2ECCB182B}.Debug|x86.Build.0 = Debug|Any CPU
		{646C043E-76AC-40F1-9188-72D2ECCB182B}.Release|Any CPU.ActiveCfg = Release|Any CPU
		{646C043E-76AC-40F1-9188-72D2ECCB182B}.Release|Any CPU.Build.0 = Release|Any CPU
		{646C043E-76AC-40F1-9188-72D2ECCB182B}.Release|x64.ActiveCfg = Release|Any CPU
		{646C043E-76AC-40F1-9188-72D2ECCB182B}.Release|x64.Build.0 = Release|Any CPU
		{646C043E-76AC-40F1-9188-72D2ECCB182B}.Release|x86.ActiveCfg = Release|Any CPU
		{646C043E-76AC-40F1-9188-72D2ECCB182B}.Release|x86.Build.0 = Release|Any CPU
		{A61AA1B0-0666-4F56-96D8-434493C0C56A}.Debug|Any CPU.ActiveCfg = Debug|Any CPU
		{A61AA1B0-0666-4F56-96D8-434493C0C56A}.Debug|Any CPU.Build.0 = Debug|Any CPU
		{A61AA1B0-0666-4F56-96D8-434493C0C56A}.Debug|x64.ActiveCfg = Debug|Any CPU
		{A61AA1B0-0666-4F56-96D8-434493C0C56A}.Debug|x64.Build.0 = Debug|Any CPU
		{A61AA1B0-0666-4F56-96D8-434493C0C56A}.Debug|x86.ActiveCfg = Debug|Any CPU
		{A61AA1B0-0666-4F56-96D8-434493C0C56A}.Debug|x86.Build.0 = Debug|Any CPU
		{A61AA1B0-0666-4F56-96D8-434493C0C56A}.Release|Any CPU.ActiveCfg = Release|Any CPU
		{A61AA1B0-0666-4F56-96D8-434493C0C56A}.Release|Any CPU.Build.0 = Release|Any CPU
		{A61AA1B0-0666-4F56-96D8-434493C0C56A}.Release|x64.ActiveCfg = Release|Any CPU
		{A61AA1B0-0666-4F56-96D8-434493C0C56A}.Release|x64.Build.0 = Release|Any CPU
		{A61AA1B0-0666-4F56-96D8-434493C0C56A}.Release|x86.ActiveCfg = Release|Any CPU
		{A61AA1B0-0666-4F56-96D8-434493C0C56A}.Release|x86.Build.0 = Release|Any CPU
		{0781F2CE-ED93-4E91-B2A6-528F1689A4E9}.Debug|Any CPU.ActiveCfg = Debug|Any CPU
		{0781F2CE-ED93-4E91-B2A6-528F1689A4E9}.Debug|Any CPU.Build.0 = Debug|Any CPU
		{0781F2CE-ED93-4E91-B2A6-528F1689A4E9}.Debug|x64.ActiveCfg = Debug|Any CPU
		{0781F2CE-ED93-4E91-B2A6-528F1689A4E9}.Debug|x64.Build.0 = Debug|Any CPU
		{0781F2CE-ED93-4E91-B2A6-528F1689A4E9}.Debug|x86.ActiveCfg = Debug|Any CPU
		{0781F2CE-ED93-4E91-B2A6-528F1689A4E9}.Debug|x86.Build.0 = Debug|Any CPU
		{0781F2CE-ED93-4E91-B2A6-528F1689A4E9}.Release|Any CPU.ActiveCfg = Release|Any CPU
		{0781F2CE-ED93-4E91-B2A6-528F1689A4E9}.Release|Any CPU.Build.0 = Release|Any CPU
		{0781F2CE-ED93-4E91-B2A6-528F1689A4E9}.Release|x64.ActiveCfg = Release|Any CPU
		{0781F2CE-ED93-4E91-B2A6-528F1689A4E9}.Release|x64.Build.0 = Release|Any CPU
		{0781F2CE-ED93-4E91-B2A6-528F1689A4E9}.Release|x86.ActiveCfg = Release|Any CPU
		{0781F2CE-ED93-4E91-B2A6-528F1689A4E9}.Release|x86.Build.0 = Release|Any CPU
		{74D59958-8F42-43F8-A07A-18793A8ED707}.Debug|Any CPU.ActiveCfg = Debug|Any CPU
		{74D59958-8F42-43F8-A07A-18793A8ED707}.Debug|Any CPU.Build.0 = Debug|Any CPU
		{74D59958-8F42-43F8-A07A-18793A8ED707}.Debug|x64.ActiveCfg = Debug|Any CPU
		{74D59958-8F42-43F8-A07A-18793A8ED707}.Debug|x64.Build.0 = Debug|Any CPU
		{74D59958-8F42-43F8-A07A-18793A8ED707}.Debug|x86.ActiveCfg = Debug|Any CPU
		{74D59958-8F42-43F8-A07A-18793A8ED707}.Debug|x86.Build.0 = Debug|Any CPU
		{74D59958-8F42-43F8-A07A-18793A8ED707}.Release|Any CPU.ActiveCfg = Release|Any CPU
		{74D59958-8F42-43F8-A07A-18793A8ED707}.Release|Any CPU.Build.0 = Release|Any CPU
		{74D59958-8F42-43F8-A07A-18793A8ED707}.Release|x64.ActiveCfg = Release|Any CPU
		{74D59958-8F42-43F8-A07A-18793A8ED707}.Release|x64.Build.0 = Release|Any CPU
		{74D59958-8F42-43F8-A07A-18793A8ED707}.Release|x86.ActiveCfg = Release|Any CPU
		{74D59958-8F42-43F8-A07A-18793A8ED707}.Release|x86.Build.0 = Release|Any CPU
	EndGlobalSection
	GlobalSection(SolutionProperties) = preSolution
		HideSolutionNode = FALSE
	EndGlobalSection
	GlobalSection(NestedProjects) = preSolution
		{646C043E-76AC-40F1-9188-72D2ECCB182B} = {827E0CD3-B72D-47B6-A68D-7590B98EB39B}
		{A61AA1B0-0666-4F56-96D8-434493C0C56A} = {827E0CD3-B72D-47B6-A68D-7590B98EB39B}
		{0781F2CE-ED93-4E91-B2A6-528F1689A4E9} = {827E0CD3-B72D-47B6-A68D-7590B98EB39B}
		{74D59958-8F42-43F8-A07A-18793A8ED707} = {827E0CD3-B72D-47B6-A68D-7590B98EB39B}
	EndGlobalSection
EndGlobal
